// !$*UTF8*$!
{
	archiveVersion = 1;
	classes = {
	};
	objectVersion = 46;
	objects = {

/* Begin PBXBuildFile section */
		8000FE121F44A1F30030831B /* AppDelegate.swift in Sources */ = {isa = PBXBuildFile; fileRef = 8000FE111F44A1F30030831B /* AppDelegate.swift */; };
		8000FE141F44A1F30030831B /* ViewController.swift in Sources */ = {isa = PBXBuildFile; fileRef = 8000FE131F44A1F30030831B /* ViewController.swift */; };
		8000FE171F44A1F30030831B /* Main.storyboard in Resources */ = {isa = PBXBuildFile; fileRef = 8000FE151F44A1F30030831B /* Main.storyboard */; };
		8000FE191F44A1F30030831B /* Assets.xcassets in Resources */ = {isa = PBXBuildFile; fileRef = 8000FE181F44A1F30030831B /* Assets.xcassets */; };
		8000FE1C1F44A1F30030831B /* LaunchScreen.storyboard in Resources */ = {isa = PBXBuildFile; fileRef = 8000FE1A1F44A1F30030831B /* LaunchScreen.storyboard */; };
		8000FE271F44A1F30030831B /* TakeAPhotoTests.swift in Sources */ = {isa = PBXBuildFile; fileRef = 8000FE261F44A1F30030831B /* TakeAPhotoTests.swift */; };
		8000FE321F44A1F30030831B /* TakeAPhotoUITests.swift in Sources */ = {isa = PBXBuildFile; fileRef = 8000FE311F44A1F30030831B /* TakeAPhotoUITests.swift */; };
		8063FF681F48C50300D34C68 /* CoreLocation.framework in Frameworks */ = {isa = PBXBuildFile; fileRef = 8063FF671F48C50300D34C68 /* CoreLocation.framework */; };
/* End PBXBuildFile section */

/* Begin PBXContainerItemProxy section */
		8000FE231F44A1F30030831B /* PBXContainerItemProxy */ = {
			isa = PBXContainerItemProxy;
			containerPortal = 8000FE061F44A1F20030831B /* Project object */;
			proxyType = 1;
			remoteGlobalIDString = 8000FE0D1F44A1F20030831B;
			remoteInfo = TakeAPhoto;
		};
		8000FE2E1F44A1F30030831B /* PBXContainerItemProxy */ = {
			isa = PBXContainerItemProxy;
			containerPortal = 8000FE061F44A1F20030831B /* Project object */;
			proxyType = 1;
			remoteGlobalIDString = 8000FE0D1F44A1F20030831B;
			remoteInfo = TakeAPhoto;
		};
/* End PBXContainerItemProxy section */

/* Begin PBXFileReference section */
		8000FE0E1F44A1F20030831B /* TakeAPhoto.app */ = {isa = PBXFileReference; explicitFileType = wrapper.application; includeInIndex = 0; path = TakeAPhoto.app; sourceTree = BUILT_PRODUCTS_DIR; };
		8000FE111F44A1F30030831B /* AppDelegate.swift */ = {isa = PBXFileReference; lastKnownFileType = sourcecode.swift; path = AppDelegate.swift; sourceTree = "<group>"; };
		8000FE131F44A1F30030831B /* ViewController.swift */ = {isa = PBXFileReference; lastKnownFileType = sourcecode.swift; path = ViewController.swift; sourceTree = "<group>"; };
		8000FE161F44A1F30030831B /* Base */ = {isa = PBXFileReference; lastKnownFileType = file.storyboard; name = Base; path = Base.lproj/Main.storyboard; sourceTree = "<group>"; };
		8000FE181F44A1F30030831B /* Assets.xcassets */ = {isa = PBXFileReference; lastKnownFileType = folder.assetcatalog; path = Assets.xcassets; sourceTree = "<group>"; };
		8000FE1B1F44A1F30030831B /* Base */ = {isa = PBXFileReference; lastKnownFileType = file.storyboard; name = Base; path = Base.lproj/LaunchScreen.storyboard; sourceTree = "<group>"; };
		8000FE1D1F44A1F30030831B /* Info.plist */ = {isa = PBXFileReference; lastKnownFileType = text.plist.xml; path = Info.plist; sourceTree = "<group>"; };
		8000FE221F44A1F30030831B /* TakeAPhotoTests.xctest */ = {isa = PBXFileReference; explicitFileType = wrapper.cfbundle; includeInIndex = 0; path = TakeAPhotoTests.xctest; sourceTree = BUILT_PRODUCTS_DIR; };
		8000FE261F44A1F30030831B /* TakeAPhotoTests.swift */ = {isa = PBXFileReference; lastKnownFileType = sourcecode.swift; path = TakeAPhotoTests.swift; sourceTree = "<group>"; };
		8000FE281F44A1F30030831B /* Info.plist */ = {isa = PBXFileReference; lastKnownFileType = text.plist.xml; path = Info.plist; sourceTree = "<group>"; };
		8000FE2D1F44A1F30030831B /* TakeAPhotoUITests.xctest */ = {isa = PBXFileReference; explicitFileType = wrapper.cfbundle; includeInIndex = 0; path = TakeAPhotoUITests.xctest; sourceTree = BUILT_PRODUCTS_DIR; };
		8000FE311F44A1F30030831B /* TakeAPhotoUITests.swift */ = {isa = PBXFileReference; lastKnownFileType = sourcecode.swift; path = TakeAPhotoUITests.swift; sourceTree = "<group>"; };
		8000FE331F44A1F30030831B /* Info.plist */ = {isa = PBXFileReference; lastKnownFileType = text.plist.xml; path = Info.plist; sourceTree = "<group>"; };
		8063FF671F48C50300D34C68 /* CoreLocation.framework */ = {isa = PBXFileReference; lastKnownFileType = wrapper.framework; name = CoreLocation.framework; path = System/Library/Frameworks/CoreLocation.framework; sourceTree = SDKROOT; };
/* End PBXFileReference section */

/* Begin PBXFrameworksBuildPhase section */
		8000FE0B1F44A1F20030831B /* Frameworks */ = {
			isa = PBXFrameworksBuildPhase;
			buildActionMask = 2147483647;
			files = (
				8063FF681F48C50300D34C68 /* CoreLocation.framework in Frameworks */,
			);
			runOnlyForDeploymentPostprocessing = 0;
		};
		8000FE1F1F44A1F30030831B /* Frameworks */ = {
			isa = PBXFrameworksBuildPhase;
			buildActionMask = 2147483647;
			files = (
			);
			runOnlyForDeploymentPostprocessing = 0;
		};
		8000FE2A1F44A1F30030831B /* Frameworks */ = {
			isa = PBXFrameworksBuildPhase;
			buildActionMask = 2147483647;
			files = (
			);
			runOnlyForDeploymentPostprocessing = 0;
		};
/* End PBXFrameworksBuildPhase section */

/* Begin PBXGroup section */
		8000FE051F44A1F20030831B = {
			isa = PBXGroup;
			children = (
				8000FE101F44A1F20030831B /* TakeAPhoto */,
				8000FE251F44A1F30030831B /* TakeAPhotoTests */,
				8000FE301F44A1F30030831B /* TakeAPhotoUITests */,
				8000FE0F1F44A1F20030831B /* Products */,
				8063FF661F48C50300D34C68 /* Frameworks */,
			);
			sourceTree = "<group>";
		};
		8000FE0F1F44A1F20030831B /* Products */ = {
			isa = PBXGroup;
			children = (
				8000FE0E1F44A1F20030831B /* TakeAPhoto.app */,
				8000FE221F44A1F30030831B /* TakeAPhotoTests.xctest */,
				8000FE2D1F44A1F30030831B /* TakeAPhotoUITests.xctest */,
			);
			name = Products;
			sourceTree = "<group>";
		};
		8000FE101F44A1F20030831B /* TakeAPhoto */ = {
			isa = PBXGroup;
			children = (
				8000FE111F44A1F30030831B /* AppDelegate.swift */,
				8000FE131F44A1F30030831B /* ViewController.swift */,
				8000FE151F44A1F30030831B /* Main.storyboard */,
				8000FE181F44A1F30030831B /* Assets.xcassets */,
				8000FE1A1F44A1F30030831B /* LaunchScreen.storyboard */,
				8000FE1D1F44A1F30030831B /* Info.plist */,
			);
			path = TakeAPhoto;
			sourceTree = "<group>";
		};
		8000FE251F44A1F30030831B /* TakeAPhotoTests */ = {
			isa = PBXGroup;
			children = (
				8000FE261F44A1F30030831B /* TakeAPhotoTests.swift */,
				8000FE281F44A1F30030831B /* Info.plist */,
			);
			path = TakeAPhotoTests;
			sourceTree = "<group>";
		};
		8000FE301F44A1F30030831B /* TakeAPhotoUITests */ = {
			isa = PBXGroup;
			children = (
				8000FE311F44A1F30030831B /* TakeAPhotoUITests.swift */,
				8000FE331F44A1F30030831B /* Info.plist */,
			);
			path = TakeAPhotoUITests;
			sourceTree = "<group>";
		};
		8063FF661F48C50300D34C68 /* Frameworks */ = {
			isa = PBXGroup;
			children = (
				8063FF671F48C50300D34C68 /* CoreLocation.framework */,
			);
			name = Frameworks;
			sourceTree = "<group>";
		};
/* End PBXGroup section */

/* Begin PBXNativeTarget section */
		8000FE0D1F44A1F20030831B /* TakeAPhoto */ = {
			isa = PBXNativeTarget;
			buildConfigurationList = 8000FE361F44A1F30030831B /* Build configuration list for PBXNativeTarget "TakeAPhoto" */;
			buildPhases = (
				8000FE0A1F44A1F20030831B /* Sources */,
				8000FE0B1F44A1F20030831B /* Frameworks */,
				8000FE0C1F44A1F20030831B /* Resources */,
			);
			buildRules = (
			);
			dependencies = (
			);
			name = TakeAPhoto;
			productName = TakeAPhoto;
			productReference = 8000FE0E1F44A1F20030831B /* TakeAPhoto.app */;
			productType = "com.apple.product-type.application";
		};
		8000FE211F44A1F30030831B /* TakeAPhotoTests */ = {
			isa = PBXNativeTarget;
			buildConfigurationList = 8000FE391F44A1F30030831B /* Build configuration list for PBXNativeTarget "TakeAPhotoTests" */;
			buildPhases = (
				8000FE1E1F44A1F30030831B /* Sources */,
				8000FE1F1F44A1F30030831B /* Frameworks */,
				8000FE201F44A1F30030831B /* Resources */,
			);
			buildRules = (
			);
			dependencies = (
				8000FE241F44A1F30030831B /* PBXTargetDependency */,
			);
			name = TakeAPhotoTests;
			productName = TakeAPhotoTests;
			productReference = 8000FE221F44A1F30030831B /* TakeAPhotoTests.xctest */;
			productType = "com.apple.product-type.bundle.unit-test";
		};
		8000FE2C1F44A1F30030831B /* TakeAPhotoUITests */ = {
			isa = PBXNativeTarget;
			buildConfigurationList = 8000FE3C1F44A1F30030831B /* Build configuration list for PBXNativeTarget "TakeAPhotoUITests" */;
			buildPhases = (
				8000FE291F44A1F30030831B /* Sources */,
				8000FE2A1F44A1F30030831B /* Frameworks */,
				8000FE2B1F44A1F30030831B /* Resources */,
			);
			buildRules = (
			);
			dependencies = (
				8000FE2F1F44A1F30030831B /* PBXTargetDependency */,
			);
			name = TakeAPhotoUITests;
			productName = TakeAPhotoUITests;
			productReference = 8000FE2D1F44A1F30030831B /* TakeAPhotoUITests.xctest */;
			productType = "com.apple.product-type.bundle.ui-testing";
		};
/* End PBXNativeTarget section */

/* Begin PBXProject section */
		8000FE061F44A1F20030831B /* Project object */ = {
			isa = PBXProject;
			attributes = {
				LastSwiftUpdateCheck = 0830;
				LastUpgradeCheck = 0830;
				ORGANIZATIONNAME = "Tim Sutton";
				TargetAttributes = {
					8000FE0D1F44A1F20030831B = {
						CreatedOnToolsVersion = 8.3.3;
						DevelopmentTeam = YW59L9Z3PU;
						ProvisioningStyle = Automatic;
					};
					8000FE211F44A1F30030831B = {
						CreatedOnToolsVersion = 8.3.3;
						DevelopmentTeam = YW59L9Z3PU;
						ProvisioningStyle = Automatic;
						TestTargetID = 8000FE0D1F44A1F20030831B;
					};
					8000FE2C1F44A1F30030831B = {
						CreatedOnToolsVersion = 8.3.3;
						DevelopmentTeam = YW59L9Z3PU;
						ProvisioningStyle = Automatic;
						TestTargetID = 8000FE0D1F44A1F20030831B;
					};
				};
			};
			buildConfigurationList = 8000FE091F44A1F20030831B /* Build configuration list for PBXProject "TakeAPhoto" */;
			compatibilityVersion = "Xcode 3.2";
			developmentRegion = English;
			hasScannedForEncodings = 0;
			knownRegions = (
				en,
				Base,
			);
			mainGroup = 8000FE051F44A1F20030831B;
			productRefGroup = 8000FE0F1F44A1F20030831B /* Products */;
			projectDirPath = "";
			projectRoot = "";
			targets = (
				8000FE0D1F44A1F20030831B /* TakeAPhoto */,
				8000FE211F44A1F30030831B /* TakeAPhotoTests */,
				8000FE2C1F44A1F30030831B /* TakeAPhotoUITests */,
			);
		};
/* End PBXProject section */

/* Begin PBXResourcesBuildPhase section */
		8000FE0C1F44A1F20030831B /* Resources */ = {
			isa = PBXResourcesBuildPhase;
			buildActionMask = 2147483647;
			files = (
				8000FE1C1F44A1F30030831B /* LaunchScreen.storyboard in Resources */,
				8000FE191F44A1F30030831B /* Assets.xcassets in Resources */,
				8000FE171F44A1F30030831B /* Main.storyboard in Resources */,
			);
			runOnlyForDeploymentPostprocessing = 0;
		};
		8000FE201F44A1F30030831B /* Resources */ = {
			isa = PBXResourcesBuildPhase;
			buildActionMask = 2147483647;
			files = (
			);
			runOnlyForDeploymentPostprocessing = 0;
		};
		8000FE2B1F44A1F30030831B /* Resources */ = {
			isa = PBXResourcesBuildPhase;
			buildActionMask = 2147483647;
			files = (
			);
			runOnlyForDeploymentPostprocessing = 0;
		};
/* End PBXResourcesBuildPhase section */

/* Begin PBXSourcesBuildPhase section */
		8000FE0A1F44A1F20030831B /* Sources */ = {
			isa = PBXSourcesBuildPhase;
			buildActionMask = 2147483647;
			files = (
				8000FE141F44A1F30030831B /* ViewController.swift in Sources */,
				8000FE121F44A1F30030831B /* AppDelegate.swift in Sources */,
			);
			runOnlyForDeploymentPostprocessing = 0;
		};
		8000FE1E1F44A1F30030831B /* Sources */ = {
			isa = PBXSourcesBuildPhase;
			buildActionMask = 2147483647;
			files = (
				8000FE271F44A1F30030831B /* TakeAPhotoTests.swift in Sources */,
			);
			runOnlyForDeploymentPostprocessing = 0;
		};
		8000FE291F44A1F30030831B /* Sources */ = {
			isa = PBXSourcesBuildPhase;
			buildActionMask = 2147483647;
			files = (
				8000FE321F44A1F30030831B /* TakeAPhotoUITests.swift in Sources */,
			);
			runOnlyForDeploymentPostprocessing = 0;
		};
/* End PBXSourcesBuildPhase section */

/* Begin PBXTargetDependency section */
		8000FE241F44A1F30030831B /* PBXTargetDependency */ = {
			isa = PBXTargetDependency;
			target = 8000FE0D1F44A1F20030831B /* TakeAPhoto */;
			targetProxy = 8000FE231F44A1F30030831B /* PBXContainerItemProxy */;
		};
		8000FE2F1F44A1F30030831B /* PBXTargetDependency */ = {
			isa = PBXTargetDependency;
			target = 8000FE0D1F44A1F20030831B /* TakeAPhoto */;
			targetProxy = 8000FE2E1F44A1F30030831B /* PBXContainerItemProxy */;
		};
/* End PBXTargetDependency section */

/* Begin PBXVariantGroup section */
		8000FE151F44A1F30030831B /* Main.storyboard */ = {
			isa = PBXVariantGroup;
			children = (
				8000FE161F44A1F30030831B /* Base */,
			);
			name = Main.storyboard;
			sourceTree = "<group>";
		};
		8000FE1A1F44A1F30030831B /* LaunchScreen.storyboard */ = {
			isa = PBXVariantGroup;
			children = (
				8000FE1B1F44A1F30030831B /* Base */,
			);
			name = LaunchScreen.storyboard;
			sourceTree = "<group>";
		};
/* End PBXVariantGroup section */

/* Begin XCBuildConfiguration section */
		8000FE341F44A1F30030831B /* Debug */ = {
			isa = XCBuildConfiguration;
			buildSettings = {
				ALWAYS_SEARCH_USER_PATHS = NO;
				CLANG_ANALYZER_NONNULL = YES;
				CLANG_ANALYZER_NUMBER_OBJECT_CONVERSION = YES_AGGRESSIVE;
				CLANG_CXX_LANGUAGE_STANDARD = "gnu++0x";
				CLANG_CXX_LIBRARY = "libc++";
				CLANG_ENABLE_MODULES = YES;
				CLANG_ENABLE_OBJC_ARC = YES;
				CLANG_WARN_BOOL_CONVERSION = YES;
				CLANG_WARN_CONSTANT_CONVERSION = YES;
				CLANG_WARN_DIRECT_OBJC_ISA_USAGE = YES_ERROR;
				CLANG_WARN_DOCUMENTATION_COMMENTS = YES;
				CLANG_WARN_EMPTY_BODY = YES;
				CLANG_WARN_ENUM_CONVERSION = YES;
				CLANG_WARN_INFINITE_RECURSION = YES;
				CLANG_WARN_INT_CONVERSION = YES;
				CLANG_WARN_OBJC_ROOT_CLASS = YES_ERROR;
				CLANG_WARN_SUSPICIOUS_MOVE = YES;
				CLANG_WARN_UNREACHABLE_CODE = YES;
				CLANG_WARN__DUPLICATE_METHOD_MATCH = YES;
				"CODE_SIGN_IDENTITY[sdk=iphoneos*]" = "iPhone Developer";
				COPY_PHASE_STRIP = NO;
				DEBUG_INFORMATION_FORMAT = dwarf;
				ENABLE_STRICT_OBJC_MSGSEND = YES;
				ENABLE_TESTABILITY = YES;
				GCC_C_LANGUAGE_STANDARD = gnu99;
				GCC_DYNAMIC_NO_PIC = NO;
				GCC_NO_COMMON_BLOCKS = YES;
				GCC_OPTIMIZATION_LEVEL = 0;
				GCC_PREPROCESSOR_DEFINITIONS = (
					"DEBUG=1",
					"$(inherited)",
				);
				GCC_WARN_64_TO_32_BIT_CONVERSION = YES;
				GCC_WARN_ABOUT_RETURN_TYPE = YES_ERROR;
				GCC_WARN_UNDECLARED_SELECTOR = YES;
				GCC_WARN_UNINITIALIZED_AUTOS = YES_AGGRESSIVE;
				GCC_WARN_UNUSED_FUNCTION = YES;
				GCC_WARN_UNUSED_VARIABLE = YES;
				IPHONEOS_DEPLOYMENT_TARGET = 10.3;
				MTL_ENABLE_DEBUG_INFO = YES;
				ONLY_ACTIVE_ARCH = YES;
				SDKROOT = iphoneos;
				SWIFT_ACTIVE_COMPILATION_CONDITIONS = DEBUG;
				SWIFT_OPTIMIZATION_LEVEL = "-Onone";
			};
			name = Debug;
		};
		8000FE351F44A1F30030831B /* Release */ = {
			isa = XCBuildConfiguration;
			buildSettings = {
				ALWAYS_SEARCH_USER_PATHS = NO;
				CLANG_ANALYZER_NONNULL = YES;
				CLANG_ANALYZER_NUMBER_OBJECT_CONVERSION = YES_AGGRESSIVE;
				CLANG_CXX_LANGUAGE_STANDARD = "gnu++0x";
				CLANG_CXX_LIBRARY = "libc++";
				CLANG_ENABLE_MODULES = YES;
				CLANG_ENABLE_OBJC_ARC = YES;
				CLANG_WARN_BOOL_CONVERSION = YES;
				CLANG_WARN_CONSTANT_CONVERSION = YES;
				CLANG_WARN_DIRECT_OBJC_ISA_USAGE = YES_ERROR;
				CLANG_WARN_DOCUMENTATION_COMMENTS = YES;
				CLANG_WARN_EMPTY_BODY = YES;
				CLANG_WARN_ENUM_CONVERSION = YES;
				CLANG_WARN_INFINITE_RECURSION = YES;
				CLANG_WARN_INT_CONVERSION = YES;
				CLANG_WARN_OBJC_ROOT_CLASS = YES_ERROR;
				CLANG_WARN_SUSPICIOUS_MOVE = YES;
				CLANG_WARN_UNREACHABLE_CODE = YES;
				CLANG_WARN__DUPLICATE_METHOD_MATCH = YES;
				"CODE_SIGN_IDENTITY[sdk=iphoneos*]" = "iPhone Developer";
				COPY_PHASE_STRIP = NO;
				DEBUG_INFORMATION_FORMAT = "dwarf-with-dsym";
				ENABLE_NS_ASSERTIONS = NO;
				ENABLE_STRICT_OBJC_MSGSEND = YES;
				GCC_C_LANGUAGE_STANDARD = gnu99;
				GCC_NO_COMMON_BLOCKS = YES;
				GCC_WARN_64_TO_32_BIT_CONVERSION = YES;
				GCC_WARN_ABOUT_RETURN_TYPE = YES_ERROR;
				GCC_WARN_UNDECLARED_SELECTOR = YES;
				GCC_WARN_UNINITIALIZED_AUTOS = YES_AGGRESSIVE;
				GCC_WARN_UNUSED_FUNCTION = YES;
				GCC_WARN_UNUSED_VARIABLE = YES;
				IPHONEOS_DEPLOYMENT_TARGET = 10.3;
				MTL_ENABLE_DEBUG_INFO = NO;
				SDKROOT = iphoneos;
				SWIFT_OPTIMIZATION_LEVEL = "-Owholemodule";
				VALIDATE_PRODUCT = YES;
			};
			name = Release;
		};
		8000FE371F44A1F30030831B /* Debug */ = {
			isa = XCBuildConfiguration;
			buildSettings = {
				ASSETCATALOG_COMPILER_APPICON_NAME = AppIcon;
				DEVELOPMENT_TEAM = YW59L9Z3PU;
				INFOPLIST_FILE = TakeAPhoto/Info.plist;
				LD_RUNPATH_SEARCH_PATHS = "$(inherited) @executable_path/Frameworks";
				PRODUCT_BUNDLE_IDENTIFIER = kartoza.TakeAPhoto;
				PRODUCT_NAME = "$(TARGET_NAME)";
				SWIFT_VERSION = 3.0;
			};
			name = Debug;
		};
		8000FE381F44A1F30030831B /* Release */ = {
			isa = XCBuildConfiguration;
			buildSettings = {
				ASSETCATALOG_COMPILER_APPICON_NAME = AppIcon;
				DEVELOPMENT_TEAM = YW59L9Z3PU;
				INFOPLIST_FILE = TakeAPhoto/Info.plist;
				LD_RUNPATH_SEARCH_PATHS = "$(inherited) @executable_path/Frameworks";
				PRODUCT_BUNDLE_IDENTIFIER = kartoza.TakeAPhoto;
				PRODUCT_NAME = "$(TARGET_NAME)";
				SWIFT_VERSION = 3.0;
			};
			name = Release;
		};
		8000FE3A1F44A1F30030831B /* Debug */ = {
			isa = XCBuildConfiguration;
			buildSettings = {
				ALWAYS_EMBED_SWIFT_STANDARD_LIBRARIES = YES;
				BUNDLE_LOADER = "$(TEST_HOST)";
				DEVELOPMENT_TEAM = YW59L9Z3PU;
				INFOPLIST_FILE = TakeAPhotoTests/Info.plist;
				LD_RUNPATH_SEARCH_PATHS = "$(inherited) @executable_path/Frameworks @loader_path/Frameworks";
				PRODUCT_BUNDLE_IDENTIFIER = kartoza.TakeAPhotoTests;
				PRODUCT_NAME = "$(TARGET_NAME)";
				SWIFT_VERSION = 3.0;
				TEST_HOST = "$(BUILT_PRODUCTS_DIR)/TakeAPhoto.app/TakeAPhoto";
			};
			name = Debug;
		};
		8000FE3B1F44A1F30030831B /* Release */ = {
			isa = XCBuildConfiguration;
			buildSettings = {
				ALWAYS_EMBED_SWIFT_STANDARD_LIBRARIES = YES;
				BUNDLE_LOADER = "$(TEST_HOST)";
				DEVELOPMENT_TEAM = YW59L9Z3PU;
				INFOPLIST_FILE = TakeAPhotoTests/Info.plist;
				LD_RUNPATH_SEARCH_PATHS = "$(inherited) @executable_path/Frameworks @loader_path/Frameworks";
				PRODUCT_BUNDLE_IDENTIFIER = kartoza.TakeAPhotoTests;
				PRODUCT_NAME = "$(TARGET_NAME)";
				SWIFT_VERSION = 3.0;
				TEST_HOST = "$(BUILT_PRODUCTS_DIR)/TakeAPhoto.app/TakeAPhoto";
			};
			name = Release;
		};
		8000FE3D1F44A1F30030831B /* Debug */ = {
			isa = XCBuildConfiguration;
			buildSettings = {
				ALWAYS_EMBED_SWIFT_STANDARD_LIBRARIES = YES;
				DEVELOPMENT_TEAM = YW59L9Z3PU;
				INFOPLIST_FILE = TakeAPhotoUITests/Info.plist;
				LD_RUNPATH_SEARCH_PATHS = "$(inherited) @executable_path/Frameworks @loader_path/Frameworks";
				PRODUCT_BUNDLE_IDENTIFIER = kartoza.TakeAPhotoUITests;
				PRODUCT_NAME = "$(TARGET_NAME)";
				SWIFT_VERSION = 3.0;
				TEST_TARGET_NAME = TakeAPhoto;
			};
			name = Debug;
		};
		8000FE3E1F44A1F30030831B /* Release */ = {
			isa = XCBuildConfiguration;
			buildSettings = {
				ALWAYS_EMBED_SWIFT_STANDARD_LIBRARIES = YES;
				DEVELOPMENT_TEAM = YW59L9Z3PU;
				INFOPLIST_FILE = TakeAPhotoUITests/Info.plist;
				LD_RUNPATH_SEARCH_PATHS = "$(inherited) @executable_path/Frameworks @loader_path/Frameworks";
				PRODUCT_BUNDLE_IDENTIFIER = kartoza.TakeAPhotoUITests;
				PRODUCT_NAME = "$(TARGET_NAME)";
				SWIFT_VERSION = 3.0;
				TEST_TARGET_NAME = TakeAPhoto;
			};
			name = Release;
		};
/* End XCBuildConfiguration section */

/* Begin XCConfigurationList section */
		8000FE091F44A1F20030831B /* Build configuration list for PBXProject "TakeAPhoto" */ = {
			isa = XCConfigurationList;
			buildConfigurations = (
				8000FE341F44A1F30030831B /* Debug */,
				8000FE351F44A1F30030831B /* Release */,
			);
			defaultConfigurationIsVisible = 0;
			defaultConfigurationName = Release;
		};
		8000FE361F44A1F30030831B /* Build configuration list for PBXNativeTarget "TakeAPhoto" */ = {
			isa = XCConfigurationList;
			buildConfigurations = (
				8000FE371F44A1F30030831B /* Debug */,
				8000FE381F44A1F30030831B /* Release */,
			);
			defaultConfigurationIsVisible = 0;
			defaultConfigurationName = Release;
		};
		8000FE391F44A1F30030831B /* Build configuration list for PBXNativeTarget "TakeAPhotoTests" */ = {
			isa = XCConfigurationList;
			buildConfigurations = (
				8000FE3A1F44A1F30030831B /* Debug */,
				8000FE3B1F44A1F30030831B /* Release */,
			);
			defaultConfigurationIsVisible = 0;
			defaultConfigurationName = Release;
		};
		8000FE3C1F44A1F30030831B /* Build configuration list for PBXNativeTarget "TakeAPhotoUITests" */ = {
			isa = XCConfigurationList;
			buildConfigurations = (
				8000FE3D1F44A1F30030831B /* Debug */,
				8000FE3E1F44A1F30030831B /* Release */,
			);
			defaultConfigurationIsVisible = 0;
			defaultConfigurationName = Release;
		};
/* End XCConfigurationList section */
	};
	rootObject = 8000FE061F44A1F20030831B /* Project object */;
}
