// !$*UTF8*$!
{
	archiveVersion = 1;
	classes = {
	};
	objectVersion = 48;
	objects = {

/* Begin PBXBuildFile section */
		503F1A7B2004C8260011183E /* TMUtility.swift in Sources */ = {isa = PBXBuildFile; fileRef = 503F1A7A2004C8260011183E /* TMUtility.swift */; };
		503F1A7D2004F9690011183E /* TMTrailMapLocationVControllerViewController.swift in Sources */ = {isa = PBXBuildFile; fileRef = 503F1A7C2004F9690011183E /* TMTrailMapLocationVControllerViewController.swift */; };
		503F1A7F200501660011183E /* TMAllTrailsViewController.swift in Sources */ = {isa = PBXBuildFile; fileRef = 503F1A7E200501660011183E /* TMAllTrailsViewController.swift */; };
		507554892005E3CF00B9A2E6 /* TMTrailsModel.swift in Sources */ = {isa = PBXBuildFile; fileRef = 507554872005E3CF00B9A2E6 /* TMTrailsModel.swift */; };
		5075548A2005E3CF00B9A2E6 /* TMTrails.swift in Sources */ = {isa = PBXBuildFile; fileRef = 507554882005E3CF00B9A2E6 /* TMTrails.swift */; };
		5075548C2005F3A200B9A2E6 /* TMWebServiceWrapper.swift in Sources */ = {isa = PBXBuildFile; fileRef = 5075548B2005F3A200B9A2E6 /* TMWebServiceWrapper.swift */; };
		50DFFCB72004916A00D66980 /* AlertManager.swift in Sources */ = {isa = PBXBuildFile; fileRef = 50DFFCA82004916A00D66980 /* AlertManager.swift */; };
		50DFFCB82004916A00D66980 /* AlertView.xib in Resources */ = {isa = PBXBuildFile; fileRef = 50DFFCA92004916A00D66980 /* AlertView.xib */; };
		50DFFCB92004916A00D66980 /* AlertViewController.swift in Sources */ = {isa = PBXBuildFile; fileRef = 50DFFCAA2004916A00D66980 /* AlertViewController.swift */; };
		50DFFCBA2004916A00D66980 /* CRNotification.swift in Sources */ = {isa = PBXBuildFile; fileRef = 50DFFCAB2004916A00D66980 /* CRNotification.swift */; };
		50DFFCBB2004916A00D66980 /* FMDatabase.m in Sources */ = {isa = PBXBuildFile; fileRef = 50DFFCAE2004916A00D66980 /* FMDatabase.m */; settings = {COMPILER_FLAGS = "-fno-objc-arc"; }; };
		50DFFCBC2004916A00D66980 /* FMDatabaseAdditions.m in Sources */ = {isa = PBXBuildFile; fileRef = 50DFFCB02004916A00D66980 /* FMDatabaseAdditions.m */; settings = {COMPILER_FLAGS = "-fno-objc-arc"; }; };
		50DFFCBD2004916A00D66980 /* FMDBUtils.m in Sources */ = {isa = PBXBuildFile; fileRef = 50DFFCB22004916A00D66980 /* FMDBUtils.m */; settings = {COMPILER_FLAGS = "-fno-objc-arc"; }; };
		50DFFCBE2004916A00D66980 /* FMResultSet.m in Sources */ = {isa = PBXBuildFile; fileRef = 50DFFCB42004916A00D66980 /* FMResultSet.m */; settings = {COMPILER_FLAGS = "-fno-objc-arc"; }; };
		50DFFCBF2004916A00D66980 /* SCIDatabaseDAO.m in Sources */ = {isa = PBXBuildFile; fileRef = 50DFFCB62004916A00D66980 /* SCIDatabaseDAO.m */; settings = {COMPILER_FLAGS = "-fno-objc-arc"; }; };
		50DFFCC1200496D000D66980 /* TrailMapper.sqlite in Resources */ = {isa = PBXBuildFile; fileRef = 50DFFCC0200496D000D66980 /* TrailMapper.sqlite */; };
		50DFFCC4200498AE00D66980 /* Reachability.swift in Sources */ = {isa = PBXBuildFile; fileRef = 50DFFCC3200498AD00D66980 /* Reachability.swift */; };
		50DFFCC720049BBE00D66980 /* TMDataWrapperManager.swift in Sources */ = {isa = PBXBuildFile; fileRef = 50DFFCC620049BBE00D66980 /* TMDataWrapperManager.swift */; };
		50DFFCCC20049CB300D66980 /* TMConstants.swift in Sources */ = {isa = PBXBuildFile; fileRef = 50DFFCCB20049CB300D66980 /* TMConstants.swift */; };
		79FD501D4A4A59DE32D4FD1D /* Pods_TrailMapper.framework in Frameworks */ = {isa = PBXBuildFile; fileRef = 2DFCB6951D619F19AC3D7956 /* Pods_TrailMapper.framework */; };
		802AD61320035D0200A94059 /* AppDelegate.swift in Sources */ = {isa = PBXBuildFile; fileRef = 802AD61220035D0200A94059 /* AppDelegate.swift */; };
		802AD61520035D0200A94059 /* TMLandingPageViewController.swift in Sources */ = {isa = PBXBuildFile; fileRef = 802AD61420035D0200A94059 /* TMLandingPageViewController.swift */; };
		802AD61820035D0200A94059 /* Main.storyboard in Resources */ = {isa = PBXBuildFile; fileRef = 802AD61620035D0200A94059 /* Main.storyboard */; };
		802AD61A20035D0200A94059 /* Assets.xcassets in Resources */ = {isa = PBXBuildFile; fileRef = 802AD61920035D0200A94059 /* Assets.xcassets */; };
		802AD61D20035D0200A94059 /* LaunchScreen.storyboard in Resources */ = {isa = PBXBuildFile; fileRef = 802AD61B20035D0200A94059 /* LaunchScreen.storyboard */; };
		802AD62820035D0200A94059 /* TrailMapperTests.swift in Sources */ = {isa = PBXBuildFile; fileRef = 802AD62720035D0200A94059 /* TrailMapperTests.swift */; };
		802AD63320035D0200A94059 /* TrailMapperUITests.swift in Sources */ = {isa = PBXBuildFile; fileRef = 802AD63220035D0200A94059 /* TrailMapperUITests.swift */; };
		80680BF220039F0800BED446 /* TMTrailViewController.swift in Sources */ = {isa = PBXBuildFile; fileRef = 80680BF120039F0800BED446 /* TMTrailViewController.swift */; };
		80680BF42003A04C00BED446 /* CoreLocation.framework in Frameworks */ = {isa = PBXBuildFile; fileRef = 80680BF32003A04C00BED446 /* CoreLocation.framework */; };
		80E4890E20038B99008266CC /* TMAPIManager.swift in Sources */ = {isa = PBXBuildFile; fileRef = 80E4890D20038B99008266CC /* TMAPIManager.swift */; };
		B9DC6A2B9A99E0BB9965D10B /* Pods_TrailMapperTests.framework in Frameworks */ = {isa = PBXBuildFile; fileRef = 1E7E8AADD5F4BB6D27666CC3 /* Pods_TrailMapperTests.framework */; };
		FC3DB36293078F109CA233A8 /* Pods_TrailMapperUITests.framework in Frameworks */ = {isa = PBXBuildFile; fileRef = B43542FA206B2A1BA16DEAC0 /* Pods_TrailMapperUITests.framework */; };
/* End PBXBuildFile section */

/* Begin PBXContainerItemProxy section */
		802AD62420035D0200A94059 /* PBXContainerItemProxy */ = {
			isa = PBXContainerItemProxy;
			containerPortal = 802AD60720035D0200A94059 /* Project object */;
			proxyType = 1;
			remoteGlobalIDString = 802AD60E20035D0200A94059;
			remoteInfo = TrailMapper;
		};
		802AD62F20035D0200A94059 /* PBXContainerItemProxy */ = {
			isa = PBXContainerItemProxy;
			containerPortal = 802AD60720035D0200A94059 /* Project object */;
			proxyType = 1;
			remoteGlobalIDString = 802AD60E20035D0200A94059;
			remoteInfo = TrailMapper;
		};
/* End PBXContainerItemProxy section */

/* Begin PBXFileReference section */
		1E7E8AADD5F4BB6D27666CC3 /* Pods_TrailMapperTests.framework */ = {isa = PBXFileReference; explicitFileType = wrapper.framework; includeInIndex = 0; path = Pods_TrailMapperTests.framework; sourceTree = BUILT_PRODUCTS_DIR; };
		2DFCB6951D619F19AC3D7956 /* Pods_TrailMapper.framework */ = {isa = PBXFileReference; explicitFileType = wrapper.framework; includeInIndex = 0; path = Pods_TrailMapper.framework; sourceTree = BUILT_PRODUCTS_DIR; };
		503F1A722004A91B0011183E /* TrailMapper_Bridging_Header.h */ = {isa = PBXFileReference; lastKnownFileType = sourcecode.c.h; path = TrailMapper_Bridging_Header.h; sourceTree = "<group>"; };
		503F1A7A2004C8260011183E /* TMUtility.swift */ = {isa = PBXFileReference; lastKnownFileType = sourcecode.swift; path = TMUtility.swift; sourceTree = "<group>"; };
		503F1A7C2004F9690011183E /* TMTrailMapLocationVControllerViewController.swift */ = {isa = PBXFileReference; lastKnownFileType = sourcecode.swift; path = TMTrailMapLocationVControllerViewController.swift; sourceTree = "<group>"; };
		503F1A7E200501660011183E /* TMAllTrailsViewController.swift */ = {isa = PBXFileReference; lastKnownFileType = sourcecode.swift; path = TMAllTrailsViewController.swift; sourceTree = "<group>"; };
		507554872005E3CF00B9A2E6 /* TMTrailsModel.swift */ = {isa = PBXFileReference; fileEncoding = 4; lastKnownFileType = sourcecode.swift; path = TMTrailsModel.swift; sourceTree = "<group>"; };
		507554882005E3CF00B9A2E6 /* TMTrails.swift */ = {isa = PBXFileReference; fileEncoding = 4; lastKnownFileType = sourcecode.swift; path = TMTrails.swift; sourceTree = "<group>"; };
		5075548B2005F3A200B9A2E6 /* TMWebServiceWrapper.swift */ = {isa = PBXFileReference; lastKnownFileType = sourcecode.swift; path = TMWebServiceWrapper.swift; sourceTree = "<group>"; };
		50DFFCA82004916A00D66980 /* AlertManager.swift */ = {isa = PBXFileReference; fileEncoding = 4; lastKnownFileType = sourcecode.swift; path = AlertManager.swift; sourceTree = "<group>"; };
		50DFFCA92004916A00D66980 /* AlertView.xib */ = {isa = PBXFileReference; fileEncoding = 4; lastKnownFileType = file.xib; path = AlertView.xib; sourceTree = "<group>"; };
		50DFFCAA2004916A00D66980 /* AlertViewController.swift */ = {isa = PBXFileReference; fileEncoding = 4; lastKnownFileType = sourcecode.swift; path = AlertViewController.swift; sourceTree = "<group>"; };
		50DFFCAB2004916A00D66980 /* CRNotification.swift */ = {isa = PBXFileReference; fileEncoding = 4; lastKnownFileType = sourcecode.swift; path = CRNotification.swift; sourceTree = "<group>"; };
		50DFFCAD2004916A00D66980 /* FMDatabase.h */ = {isa = PBXFileReference; fileEncoding = 4; lastKnownFileType = sourcecode.c.h; path = FMDatabase.h; sourceTree = "<group>"; };
		50DFFCAE2004916A00D66980 /* FMDatabase.m */ = {isa = PBXFileReference; fileEncoding = 4; lastKnownFileType = sourcecode.c.objc; path = FMDatabase.m; sourceTree = "<group>"; };
		50DFFCAF2004916A00D66980 /* FMDatabaseAdditions.h */ = {isa = PBXFileReference; fileEncoding = 4; lastKnownFileType = sourcecode.c.h; path = FMDatabaseAdditions.h; sourceTree = "<group>"; };
		50DFFCB02004916A00D66980 /* FMDatabaseAdditions.m */ = {isa = PBXFileReference; fileEncoding = 4; lastKnownFileType = sourcecode.c.objc; path = FMDatabaseAdditions.m; sourceTree = "<group>"; };
		50DFFCB12004916A00D66980 /* FMDBUtils.h */ = {isa = PBXFileReference; fileEncoding = 4; lastKnownFileType = sourcecode.c.h; path = FMDBUtils.h; sourceTree = "<group>"; };
		50DFFCB22004916A00D66980 /* FMDBUtils.m */ = {isa = PBXFileReference; fileEncoding = 4; lastKnownFileType = sourcecode.c.objc; path = FMDBUtils.m; sourceTree = "<group>"; };
		50DFFCB32004916A00D66980 /* FMResultSet.h */ = {isa = PBXFileReference; fileEncoding = 4; lastKnownFileType = sourcecode.c.h; path = FMResultSet.h; sourceTree = "<group>"; };
		50DFFCB42004916A00D66980 /* FMResultSet.m */ = {isa = PBXFileReference; fileEncoding = 4; lastKnownFileType = sourcecode.c.objc; path = FMResultSet.m; sourceTree = "<group>"; };
		50DFFCB52004916A00D66980 /* SCIDatabaseDAO.h */ = {isa = PBXFileReference; fileEncoding = 4; lastKnownFileType = sourcecode.c.h; path = SCIDatabaseDAO.h; sourceTree = "<group>"; };
		50DFFCB62004916A00D66980 /* SCIDatabaseDAO.m */ = {isa = PBXFileReference; fileEncoding = 4; lastKnownFileType = sourcecode.c.objc; path = SCIDatabaseDAO.m; sourceTree = "<group>"; };
		50DFFCC0200496D000D66980 /* TrailMapper.sqlite */ = {isa = PBXFileReference; lastKnownFileType = file; path = TrailMapper.sqlite; sourceTree = "<group>"; };
		50DFFCC3200498AD00D66980 /* Reachability.swift */ = {isa = PBXFileReference; fileEncoding = 4; lastKnownFileType = sourcecode.swift; path = Reachability.swift; sourceTree = "<group>"; };
		50DFFCC620049BBE00D66980 /* TMDataWrapperManager.swift */ = {isa = PBXFileReference; fileEncoding = 4; lastKnownFileType = sourcecode.swift; path = TMDataWrapperManager.swift; sourceTree = "<group>"; };
		50DFFCCB20049CB300D66980 /* TMConstants.swift */ = {isa = PBXFileReference; lastKnownFileType = sourcecode.swift; path = TMConstants.swift; sourceTree = "<group>"; };
		5F28F30143B7E5708C4F0FA7 /* Pods-TrailMapperTests.release.xcconfig */ = {isa = PBXFileReference; includeInIndex = 1; lastKnownFileType = text.xcconfig; name = "Pods-TrailMapperTests.release.xcconfig"; path = "Pods/Target Support Files/Pods-TrailMapperTests/Pods-TrailMapperTests.release.xcconfig"; sourceTree = "<group>"; };
		802AD60F20035D0200A94059 /* TrailMapper.app */ = {isa = PBXFileReference; explicitFileType = wrapper.application; includeInIndex = 0; path = TrailMapper.app; sourceTree = BUILT_PRODUCTS_DIR; };
		802AD61220035D0200A94059 /* AppDelegate.swift */ = {isa = PBXFileReference; lastKnownFileType = sourcecode.swift; path = AppDelegate.swift; sourceTree = "<group>"; };
		802AD61420035D0200A94059 /* TMLandingPageViewController.swift */ = {isa = PBXFileReference; lastKnownFileType = sourcecode.swift; path = TMLandingPageViewController.swift; sourceTree = "<group>"; };
		802AD61720035D0200A94059 /* Base */ = {isa = PBXFileReference; lastKnownFileType = file.storyboard; name = Base; path = Base.lproj/Main.storyboard; sourceTree = "<group>"; };
		802AD61920035D0200A94059 /* Assets.xcassets */ = {isa = PBXFileReference; lastKnownFileType = folder.assetcatalog; path = Assets.xcassets; sourceTree = "<group>"; };
		802AD61C20035D0200A94059 /* Base */ = {isa = PBXFileReference; lastKnownFileType = file.storyboard; name = Base; path = Base.lproj/LaunchScreen.storyboard; sourceTree = "<group>"; };
		802AD61E20035D0200A94059 /* Info.plist */ = {isa = PBXFileReference; lastKnownFileType = text.plist.xml; path = Info.plist; sourceTree = "<group>"; };
		802AD62320035D0200A94059 /* TrailMapperTests.xctest */ = {isa = PBXFileReference; explicitFileType = wrapper.cfbundle; includeInIndex = 0; path = TrailMapperTests.xctest; sourceTree = BUILT_PRODUCTS_DIR; };
		802AD62720035D0200A94059 /* TrailMapperTests.swift */ = {isa = PBXFileReference; lastKnownFileType = sourcecode.swift; path = TrailMapperTests.swift; sourceTree = "<group>"; };
		802AD62920035D0200A94059 /* Info.plist */ = {isa = PBXFileReference; lastKnownFileType = text.plist.xml; path = Info.plist; sourceTree = "<group>"; };
		802AD62E20035D0200A94059 /* TrailMapperUITests.xctest */ = {isa = PBXFileReference; explicitFileType = wrapper.cfbundle; includeInIndex = 0; path = TrailMapperUITests.xctest; sourceTree = BUILT_PRODUCTS_DIR; };
		802AD63220035D0200A94059 /* TrailMapperUITests.swift */ = {isa = PBXFileReference; lastKnownFileType = sourcecode.swift; path = TrailMapperUITests.swift; sourceTree = "<group>"; };
		802AD63420035D0200A94059 /* Info.plist */ = {isa = PBXFileReference; lastKnownFileType = text.plist.xml; path = Info.plist; sourceTree = "<group>"; };
		80680BF120039F0800BED446 /* TMTrailViewController.swift */ = {isa = PBXFileReference; lastKnownFileType = sourcecode.swift; path = TMTrailViewController.swift; sourceTree = "<group>"; };
		80680BF32003A04C00BED446 /* CoreLocation.framework */ = {isa = PBXFileReference; lastKnownFileType = wrapper.framework; name = CoreLocation.framework; path = System/Library/Frameworks/CoreLocation.framework; sourceTree = SDKROOT; };
		80E4890D20038B99008266CC /* TMAPIManager.swift */ = {isa = PBXFileReference; lastKnownFileType = sourcecode.swift; path = TMAPIManager.swift; sourceTree = "<group>"; };
		95BC2D63418C8F9A8702C396 /* Pods-TrailMapper.release.xcconfig */ = {isa = PBXFileReference; includeInIndex = 1; lastKnownFileType = text.xcconfig; name = "Pods-TrailMapper.release.xcconfig"; path = "Pods/Target Support Files/Pods-TrailMapper/Pods-TrailMapper.release.xcconfig"; sourceTree = "<group>"; };
		B43542FA206B2A1BA16DEAC0 /* Pods_TrailMapperUITests.framework */ = {isa = PBXFileReference; explicitFileType = wrapper.framework; includeInIndex = 0; path = Pods_TrailMapperUITests.framework; sourceTree = BUILT_PRODUCTS_DIR; };
		BBD35A7C232E8EB29823E7D8 /* Pods-TrailMapperUITests.release.xcconfig */ = {isa = PBXFileReference; includeInIndex = 1; lastKnownFileType = text.xcconfig; name = "Pods-TrailMapperUITests.release.xcconfig"; path = "Pods/Target Support Files/Pods-TrailMapperUITests/Pods-TrailMapperUITests.release.xcconfig"; sourceTree = "<group>"; };
		C1E1385EE43F67EFB191CD61 /* Pods-TrailMapperUITests.debug.xcconfig */ = {isa = PBXFileReference; includeInIndex = 1; lastKnownFileType = text.xcconfig; name = "Pods-TrailMapperUITests.debug.xcconfig"; path = "Pods/Target Support Files/Pods-TrailMapperUITests/Pods-TrailMapperUITests.debug.xcconfig"; sourceTree = "<group>"; };
		D5E6CAE640ECDC6F0D638DA8 /* Pods-TrailMapper.debug.xcconfig */ = {isa = PBXFileReference; includeInIndex = 1; lastKnownFileType = text.xcconfig; name = "Pods-TrailMapper.debug.xcconfig"; path = "Pods/Target Support Files/Pods-TrailMapper/Pods-TrailMapper.debug.xcconfig"; sourceTree = "<group>"; };
		F8BC4E8632D8BA6D955CA060 /* Pods-TrailMapperTests.debug.xcconfig */ = {isa = PBXFileReference; includeInIndex = 1; lastKnownFileType = text.xcconfig; name = "Pods-TrailMapperTests.debug.xcconfig"; path = "Pods/Target Support Files/Pods-TrailMapperTests/Pods-TrailMapperTests.debug.xcconfig"; sourceTree = "<group>"; };
/* End PBXFileReference section */

/* Begin PBXFrameworksBuildPhase section */
		802AD60C20035D0200A94059 /* Frameworks */ = {
			isa = PBXFrameworksBuildPhase;
			buildActionMask = 2147483647;
			files = (
				80680BF42003A04C00BED446 /* CoreLocation.framework in Frameworks */,
				79FD501D4A4A59DE32D4FD1D /* Pods_TrailMapper.framework in Frameworks */,
			);
			runOnlyForDeploymentPostprocessing = 0;
		};
		802AD62020035D0200A94059 /* Frameworks */ = {
			isa = PBXFrameworksBuildPhase;
			buildActionMask = 2147483647;
			files = (
				B9DC6A2B9A99E0BB9965D10B /* Pods_TrailMapperTests.framework in Frameworks */,
			);
			runOnlyForDeploymentPostprocessing = 0;
		};
		802AD62B20035D0200A94059 /* Frameworks */ = {
			isa = PBXFrameworksBuildPhase;
			buildActionMask = 2147483647;
			files = (
				FC3DB36293078F109CA233A8 /* Pods_TrailMapperUITests.framework in Frameworks */,
			);
			runOnlyForDeploymentPostprocessing = 0;
		};
/* End PBXFrameworksBuildPhase section */

/* Begin PBXGroup section */
		01F6034010942465BA9ACD1F /* Frameworks */ = {
			isa = PBXGroup;
			children = (
				80680BF32003A04C00BED446 /* CoreLocation.framework */,
				2DFCB6951D619F19AC3D7956 /* Pods_TrailMapper.framework */,
				1E7E8AADD5F4BB6D27666CC3 /* Pods_TrailMapperTests.framework */,
				B43542FA206B2A1BA16DEAC0 /* Pods_TrailMapperUITests.framework */,
			);
			name = Frameworks;
			sourceTree = "<group>";
		};
		2D57DF0FB12C970F90A62DB6 /* Pods */ = {
			isa = PBXGroup;
			children = (
				D5E6CAE640ECDC6F0D638DA8 /* Pods-TrailMapper.debug.xcconfig */,
				95BC2D63418C8F9A8702C396 /* Pods-TrailMapper.release.xcconfig */,
				F8BC4E8632D8BA6D955CA060 /* Pods-TrailMapperTests.debug.xcconfig */,
				5F28F30143B7E5708C4F0FA7 /* Pods-TrailMapperTests.release.xcconfig */,
				C1E1385EE43F67EFB191CD61 /* Pods-TrailMapperUITests.debug.xcconfig */,
				BBD35A7C232E8EB29823E7D8 /* Pods-TrailMapperUITests.release.xcconfig */,
			);
			name = Pods;
			sourceTree = "<group>";
		};
		503F1A792004C7FD0011183E /* Utilities */ = {
			isa = PBXGroup;
			children = (
				503F1A7A2004C8260011183E /* TMUtility.swift */,
			);
			path = Utilities;
			sourceTree = "<group>";
		};
		50DFFCA62004916A00D66980 /* ThirdPartiesLibs */ = {
			isa = PBXGroup;
			children = (
				50DFFCA72004916A00D66980 /* CustomAlertView */,
				50DFFCAC2004916A00D66980 /* DataBaseManager */,
			);
			path = ThirdPartiesLibs;
			sourceTree = "<group>";
		};
		50DFFCA72004916A00D66980 /* CustomAlertView */ = {
			isa = PBXGroup;
			children = (
				50DFFCA82004916A00D66980 /* AlertManager.swift */,
				50DFFCA92004916A00D66980 /* AlertView.xib */,
				50DFFCAA2004916A00D66980 /* AlertViewController.swift */,
				50DFFCAB2004916A00D66980 /* CRNotification.swift */,
			);
			path = CustomAlertView;
			sourceTree = "<group>";
		};
		50DFFCAC2004916A00D66980 /* DataBaseManager */ = {
			isa = PBXGroup;
			children = (
				50DFFCAD2004916A00D66980 /* FMDatabase.h */,
				50DFFCAE2004916A00D66980 /* FMDatabase.m */,
				50DFFCAF2004916A00D66980 /* FMDatabaseAdditions.h */,
				50DFFCB02004916A00D66980 /* FMDatabaseAdditions.m */,
				50DFFCB12004916A00D66980 /* FMDBUtils.h */,
				50DFFCB22004916A00D66980 /* FMDBUtils.m */,
				50DFFCB32004916A00D66980 /* FMResultSet.h */,
				50DFFCB42004916A00D66980 /* FMResultSet.m */,
				50DFFCB52004916A00D66980 /* SCIDatabaseDAO.h */,
				50DFFCB62004916A00D66980 /* SCIDatabaseDAO.m */,
			);
			path = DataBaseManager;
			sourceTree = "<group>";
		};
		50DFFCC2200498AD00D66980 /* HelperClasses */ = {
			isa = PBXGroup;
			children = (
				50DFFCC3200498AD00D66980 /* Reachability.swift */,
			);
			path = HelperClasses;
			sourceTree = "<group>";
		};
		50DFFCC520049BBE00D66980 /* DatabaseWrapper */ = {
			isa = PBXGroup;
			children = (
				50DFFCC620049BBE00D66980 /* TMDataWrapperManager.swift */,
			);
			path = DatabaseWrapper;
			sourceTree = "<group>";
		};
		50DFFCCA20049C9D00D66980 /* Constants */ = {
			isa = PBXGroup;
			children = (
				50DFFCCB20049CB300D66980 /* TMConstants.swift */,
			);
			path = Constants;
			sourceTree = "<group>";
		};
		802AD60620035D0200A94059 = {
			isa = PBXGroup;
			children = (
				503F1A722004A91B0011183E /* TrailMapper_Bridging_Header.h */,
				802AD61120035D0200A94059 /* TrailMapper */,
				802AD62620035D0200A94059 /* TrailMapperTests */,
				802AD63120035D0200A94059 /* TrailMapperUITests */,
				802AD61020035D0200A94059 /* Products */,
				2D57DF0FB12C970F90A62DB6 /* Pods */,
				01F6034010942465BA9ACD1F /* Frameworks */,
			);
			sourceTree = "<group>";
		};
		802AD61020035D0200A94059 /* Products */ = {
			isa = PBXGroup;
			children = (
				802AD60F20035D0200A94059 /* TrailMapper.app */,
				802AD62320035D0200A94059 /* TrailMapperTests.xctest */,
				802AD62E20035D0200A94059 /* TrailMapperUITests.xctest */,
			);
			name = Products;
			sourceTree = "<group>";
		};
		802AD61120035D0200A94059 /* TrailMapper */ = {
			isa = PBXGroup;
			children = (
				802AD64120035D1600A94059 /* Application */,
				802AD64220035D1D00A94059 /* Business */,
				802AD64020035D0F00A94059 /* Network */,
				802AD61220035D0200A94059 /* AppDelegate.swift */,
				802AD61620035D0200A94059 /* Main.storyboard */,
				802AD61B20035D0200A94059 /* LaunchScreen.storyboard */,
				802AD61E20035D0200A94059 /* Info.plist */,
			);
			path = TrailMapper;
			sourceTree = "<group>";
		};
		802AD62620035D0200A94059 /* TrailMapperTests */ = {
			isa = PBXGroup;
			children = (
				802AD62720035D0200A94059 /* TrailMapperTests.swift */,
				802AD62920035D0200A94059 /* Info.plist */,
			);
			path = TrailMapperTests;
			sourceTree = "<group>";
		};
		802AD63120035D0200A94059 /* TrailMapperUITests */ = {
			isa = PBXGroup;
			children = (
				802AD63220035D0200A94059 /* TrailMapperUITests.swift */,
				802AD63420035D0200A94059 /* Info.plist */,
			);
			path = TrailMapperUITests;
			sourceTree = "<group>";
		};
		802AD64020035D0F00A94059 /* Network */ = {
			isa = PBXGroup;
			children = (
				50DFFCC520049BBE00D66980 /* DatabaseWrapper */,
				802AD64920035DAF00A94059 /* APIWrapper */,
			);
			path = Network;
			sourceTree = "<group>";
		};
		802AD64120035D1600A94059 /* Application */ = {
			isa = PBXGroup;
			children = (
				50DFFCCA20049C9D00D66980 /* Constants */,
				802AD64420035D3800A94059 /* Controllers */,
				802AD64320035D3100A94059 /* Resources */,
				802AD64520035D4000A94059 /* Views */,
			);
			path = Application;
			sourceTree = "<group>";
		};
		802AD64220035D1D00A94059 /* Business */ = {
			isa = PBXGroup;
			children = (
				503F1A792004C7FD0011183E /* Utilities */,
				50DFFCC2200498AD00D66980 /* HelperClasses */,
				50DFFCA62004916A00D66980 /* ThirdPartiesLibs */,
				802AD64620035D6E00A94059 /* Models */,
			);
			path = Business;
			sourceTree = "<group>";
		};
		802AD64320035D3100A94059 /* Resources */ = {
			isa = PBXGroup;
			children = (
				50DFFCC0200496D000D66980 /* TrailMapper.sqlite */,
				802AD61920035D0200A94059 /* Assets.xcassets */,
			);
			path = Resources;
			sourceTree = "<group>";
		};
		802AD64420035D3800A94059 /* Controllers */ = {
			isa = PBXGroup;
			children = (
				802AD61420035D0200A94059 /* TMLandingPageViewController.swift */,
				80680BF120039F0800BED446 /* TMTrailViewController.swift */,
				503F1A7C2004F9690011183E /* TMTrailMapLocationVControllerViewController.swift */,
				503F1A7E200501660011183E /* TMAllTrailsViewController.swift */,
			);
			path = Controllers;
			sourceTree = "<group>";
		};
		802AD64520035D4000A94059 /* Views */ = {
			isa = PBXGroup;
			children = (
			);
			path = Views;
			sourceTree = "<group>";
		};
		802AD64620035D6E00A94059 /* Models */ = {
			isa = PBXGroup;
			children = (
				507554882005E3CF00B9A2E6 /* TMTrails.swift */,
				507554872005E3CF00B9A2E6 /* TMTrailsModel.swift */,
			);
			path = Models;
			sourceTree = "<group>";
		};
		802AD64920035DAF00A94059 /* APIWrapper */ = {
			isa = PBXGroup;
			children = (
				80E4890D20038B99008266CC /* TMAPIManager.swift */,
				5075548B2005F3A200B9A2E6 /* TMWebServiceWrapper.swift */,
			);
			path = APIWrapper;
			sourceTree = "<group>";
		};
/* End PBXGroup section */

/* Begin PBXNativeTarget section */
		802AD60E20035D0200A94059 /* TrailMapper */ = {
			isa = PBXNativeTarget;
			buildConfigurationList = 802AD63720035D0200A94059 /* Build configuration list for PBXNativeTarget "TrailMapper" */;
			buildPhases = (
				C5912C84DAB7E28DFA0FD664 /* [CP] Check Pods Manifest.lock */,
				802AD60B20035D0200A94059 /* Sources */,
				802AD60C20035D0200A94059 /* Frameworks */,
				802AD60D20035D0200A94059 /* Resources */,
				9406FC2523C3A8AD6CE6B89C /* [CP] Embed Pods Frameworks */,
				06260B950C9C847D487DB683 /* [CP] Copy Pods Resources */,
			);
			buildRules = (
			);
			dependencies = (
			);
			name = TrailMapper;
			productName = TrailMapper;
			productReference = 802AD60F20035D0200A94059 /* TrailMapper.app */;
			productType = "com.apple.product-type.application";
		};
		802AD62220035D0200A94059 /* TrailMapperTests */ = {
			isa = PBXNativeTarget;
			buildConfigurationList = 802AD63A20035D0200A94059 /* Build configuration list for PBXNativeTarget "TrailMapperTests" */;
			buildPhases = (
				BB1E906AC59CDCA0C286478C /* [CP] Check Pods Manifest.lock */,
				802AD61F20035D0200A94059 /* Sources */,
				802AD62020035D0200A94059 /* Frameworks */,
				802AD62120035D0200A94059 /* Resources */,
				6CE62D70E0E43186DB98327A /* [CP] Embed Pods Frameworks */,
				F2AA8310AF36CF20991A9BDA /* [CP] Copy Pods Resources */,
			);
			buildRules = (
			);
			dependencies = (
				802AD62520035D0200A94059 /* PBXTargetDependency */,
			);
			name = TrailMapperTests;
			productName = TrailMapperTests;
			productReference = 802AD62320035D0200A94059 /* TrailMapperTests.xctest */;
			productType = "com.apple.product-type.bundle.unit-test";
		};
		802AD62D20035D0200A94059 /* TrailMapperUITests */ = {
			isa = PBXNativeTarget;
			buildConfigurationList = 802AD63D20035D0200A94059 /* Build configuration list for PBXNativeTarget "TrailMapperUITests" */;
			buildPhases = (
				934CC33142A89CBE190027C0 /* [CP] Check Pods Manifest.lock */,
				802AD62A20035D0200A94059 /* Sources */,
				802AD62B20035D0200A94059 /* Frameworks */,
				802AD62C20035D0200A94059 /* Resources */,
				CCED7D66588DE987FE95A491 /* [CP] Embed Pods Frameworks */,
				5EEA407C587BC4C77A14C539 /* [CP] Copy Pods Resources */,
			);
			buildRules = (
			);
			dependencies = (
				802AD63020035D0200A94059 /* PBXTargetDependency */,
			);
			name = TrailMapperUITests;
			productName = TrailMapperUITests;
			productReference = 802AD62E20035D0200A94059 /* TrailMapperUITests.xctest */;
			productType = "com.apple.product-type.bundle.ui-testing";
		};
/* End PBXNativeTarget section */

/* Begin PBXProject section */
		802AD60720035D0200A94059 /* Project object */ = {
			isa = PBXProject;
			attributes = {
				LastSwiftUpdateCheck = 0920;
				LastUpgradeCheck = 0920;
				ORGANIZATIONNAME = "Kartoza Pty Ltd.";
				TargetAttributes = {
					802AD60E20035D0200A94059 = {
						CreatedOnToolsVersion = 9.2;
						ProvisioningStyle = Automatic;
					};
					802AD62220035D0200A94059 = {
						CreatedOnToolsVersion = 9.2;
						ProvisioningStyle = Automatic;
						TestTargetID = 802AD60E20035D0200A94059;
					};
					802AD62D20035D0200A94059 = {
						CreatedOnToolsVersion = 9.2;
						ProvisioningStyle = Automatic;
						TestTargetID = 802AD60E20035D0200A94059;
					};
				};
			};
			buildConfigurationList = 802AD60A20035D0200A94059 /* Build configuration list for PBXProject "TrailMapper" */;
			compatibilityVersion = "Xcode 8.0";
			developmentRegion = en;
			hasScannedForEncodings = 0;
			knownRegions = (
				en,
				Base,
			);
			mainGroup = 802AD60620035D0200A94059;
			productRefGroup = 802AD61020035D0200A94059 /* Products */;
			projectDirPath = "";
			projectRoot = "";
			targets = (
				802AD60E20035D0200A94059 /* TrailMapper */,
				802AD62220035D0200A94059 /* TrailMapperTests */,
				802AD62D20035D0200A94059 /* TrailMapperUITests */,
			);
		};
/* End PBXProject section */

/* Begin PBXResourcesBuildPhase section */
		802AD60D20035D0200A94059 /* Resources */ = {
			isa = PBXResourcesBuildPhase;
			buildActionMask = 2147483647;
			files = (
				802AD61D20035D0200A94059 /* LaunchScreen.storyboard in Resources */,
				50DFFCB82004916A00D66980 /* AlertView.xib in Resources */,
				802AD61A20035D0200A94059 /* Assets.xcassets in Resources */,
				50DFFCC1200496D000D66980 /* TrailMapper.sqlite in Resources */,
				802AD61820035D0200A94059 /* Main.storyboard in Resources */,
			);
			runOnlyForDeploymentPostprocessing = 0;
		};
		802AD62120035D0200A94059 /* Resources */ = {
			isa = PBXResourcesBuildPhase;
			buildActionMask = 2147483647;
			files = (
			);
			runOnlyForDeploymentPostprocessing = 0;
		};
		802AD62C20035D0200A94059 /* Resources */ = {
			isa = PBXResourcesBuildPhase;
			buildActionMask = 2147483647;
			files = (
			);
			runOnlyForDeploymentPostprocessing = 0;
		};
/* End PBXResourcesBuildPhase section */

/* Begin PBXShellScriptBuildPhase section */
		06260B950C9C847D487DB683 /* [CP] Copy Pods Resources */ = {
			isa = PBXShellScriptBuildPhase;
			buildActionMask = 2147483647;
			files = (
			);
			inputPaths = (
			);
			name = "[CP] Copy Pods Resources";
			outputPaths = (
			);
			runOnlyForDeploymentPostprocessing = 0;
			shellPath = /bin/sh;
			shellScript = "\"${SRCROOT}/Pods/Target Support Files/Pods-TrailMapper/Pods-TrailMapper-resources.sh\"\n";
			showEnvVarsInLog = 0;
		};
		5EEA407C587BC4C77A14C539 /* [CP] Copy Pods Resources */ = {
			isa = PBXShellScriptBuildPhase;
			buildActionMask = 2147483647;
			files = (
			);
			inputPaths = (
			);
			name = "[CP] Copy Pods Resources";
			outputPaths = (
			);
			runOnlyForDeploymentPostprocessing = 0;
			shellPath = /bin/sh;
			shellScript = "\"${SRCROOT}/Pods/Target Support Files/Pods-TrailMapperUITests/Pods-TrailMapperUITests-resources.sh\"\n";
			showEnvVarsInLog = 0;
		};
		6CE62D70E0E43186DB98327A /* [CP] Embed Pods Frameworks */ = {
			isa = PBXShellScriptBuildPhase;
			buildActionMask = 2147483647;
			files = (
			);
			inputPaths = (
			);
			name = "[CP] Embed Pods Frameworks";
			outputPaths = (
			);
			runOnlyForDeploymentPostprocessing = 0;
			shellPath = /bin/sh;
			shellScript = "\"${SRCROOT}/Pods/Target Support Files/Pods-TrailMapperTests/Pods-TrailMapperTests-frameworks.sh\"\n";
			showEnvVarsInLog = 0;
		};
		934CC33142A89CBE190027C0 /* [CP] Check Pods Manifest.lock */ = {
			isa = PBXShellScriptBuildPhase;
			buildActionMask = 2147483647;
			files = (
			);
			inputPaths = (
				"${PODS_PODFILE_DIR_PATH}/Podfile.lock",
				"${PODS_ROOT}/Manifest.lock",
			);
			name = "[CP] Check Pods Manifest.lock";
			outputPaths = (
				"$(DERIVED_FILE_DIR)/Pods-TrailMapperUITests-checkManifestLockResult.txt",
			);
			runOnlyForDeploymentPostprocessing = 0;
			shellPath = /bin/sh;
			shellScript = "diff \"${PODS_PODFILE_DIR_PATH}/Podfile.lock\" \"${PODS_ROOT}/Manifest.lock\" > /dev/null\nif [ $? != 0 ] ; then\n    # print error to STDERR\n    echo \"error: The sandbox is not in sync with the Podfile.lock. Run 'pod install' or update your CocoaPods installation.\" >&2\n    exit 1\nfi\n# This output is used by Xcode 'outputs' to avoid re-running this script phase.\necho \"SUCCESS\" > \"${SCRIPT_OUTPUT_FILE_0}\"\n";
			showEnvVarsInLog = 0;
		};
		9406FC2523C3A8AD6CE6B89C /* [CP] Embed Pods Frameworks */ = {
			isa = PBXShellScriptBuildPhase;
			buildActionMask = 2147483647;
			files = (
			);
			inputPaths = (
				"${SRCROOT}/Pods/Target Support Files/Pods-TrailMapper/Pods-TrailMapper-frameworks.sh",
				"${BUILT_PRODUCTS_DIR}/ALCameraViewController/ALCameraViewController.framework",
				"${BUILT_PRODUCTS_DIR}/Alamofire/Alamofire.framework",
				"${BUILT_PRODUCTS_DIR}/IQKeyboardManagerSwift/IQKeyboardManagerSwift.framework",
				"${BUILT_PRODUCTS_DIR}/SwiftyJSON/SwiftyJSON.framework",
			);
			name = "[CP] Embed Pods Frameworks";
			outputPaths = (
				"${TARGET_BUILD_DIR}/${FRAMEWORKS_FOLDER_PATH}/ALCameraViewController.framework",
				"${TARGET_BUILD_DIR}/${FRAMEWORKS_FOLDER_PATH}/Alamofire.framework",
				"${TARGET_BUILD_DIR}/${FRAMEWORKS_FOLDER_PATH}/IQKeyboardManagerSwift.framework",
				"${TARGET_BUILD_DIR}/${FRAMEWORKS_FOLDER_PATH}/SwiftyJSON.framework",
			);
			runOnlyForDeploymentPostprocessing = 0;
			shellPath = /bin/sh;
			shellScript = "\"${SRCROOT}/Pods/Target Support Files/Pods-TrailMapper/Pods-TrailMapper-frameworks.sh\"\n";
			showEnvVarsInLog = 0;
		};
		BB1E906AC59CDCA0C286478C /* [CP] Check Pods Manifest.lock */ = {
			isa = PBXShellScriptBuildPhase;
			buildActionMask = 2147483647;
			files = (
			);
			inputPaths = (
				"${PODS_PODFILE_DIR_PATH}/Podfile.lock",
				"${PODS_ROOT}/Manifest.lock",
			);
			name = "[CP] Check Pods Manifest.lock";
			outputPaths = (
				"$(DERIVED_FILE_DIR)/Pods-TrailMapperTests-checkManifestLockResult.txt",
			);
			runOnlyForDeploymentPostprocessing = 0;
			shellPath = /bin/sh;
			shellScript = "diff \"${PODS_PODFILE_DIR_PATH}/Podfile.lock\" \"${PODS_ROOT}/Manifest.lock\" > /dev/null\nif [ $? != 0 ] ; then\n    # print error to STDERR\n    echo \"error: The sandbox is not in sync with the Podfile.lock. Run 'pod install' or update your CocoaPods installation.\" >&2\n    exit 1\nfi\n# This output is used by Xcode 'outputs' to avoid re-running this script phase.\necho \"SUCCESS\" > \"${SCRIPT_OUTPUT_FILE_0}\"\n";
			showEnvVarsInLog = 0;
		};
		C5912C84DAB7E28DFA0FD664 /* [CP] Check Pods Manifest.lock */ = {
			isa = PBXShellScriptBuildPhase;
			buildActionMask = 2147483647;
			files = (
			);
			inputPaths = (
				"${PODS_PODFILE_DIR_PATH}/Podfile.lock",
				"${PODS_ROOT}/Manifest.lock",
			);
			name = "[CP] Check Pods Manifest.lock";
			outputPaths = (
				"$(DERIVED_FILE_DIR)/Pods-TrailMapper-checkManifestLockResult.txt",
			);
			runOnlyForDeploymentPostprocessing = 0;
			shellPath = /bin/sh;
			shellScript = "diff \"${PODS_PODFILE_DIR_PATH}/Podfile.lock\" \"${PODS_ROOT}/Manifest.lock\" > /dev/null\nif [ $? != 0 ] ; then\n    # print error to STDERR\n    echo \"error: The sandbox is not in sync with the Podfile.lock. Run 'pod install' or update your CocoaPods installation.\" >&2\n    exit 1\nfi\n# This output is used by Xcode 'outputs' to avoid re-running this script phase.\necho \"SUCCESS\" > \"${SCRIPT_OUTPUT_FILE_0}\"\n";
			showEnvVarsInLog = 0;
		};
		CCED7D66588DE987FE95A491 /* [CP] Embed Pods Frameworks */ = {
			isa = PBXShellScriptBuildPhase;
			buildActionMask = 2147483647;
			files = (
			);
			inputPaths = (
			);
			name = "[CP] Embed Pods Frameworks";
			outputPaths = (
			);
			runOnlyForDeploymentPostprocessing = 0;
			shellPath = /bin/sh;
			shellScript = "\"${SRCROOT}/Pods/Target Support Files/Pods-TrailMapperUITests/Pods-TrailMapperUITests-frameworks.sh\"\n";
			showEnvVarsInLog = 0;
		};
		F2AA8310AF36CF20991A9BDA /* [CP] Copy Pods Resources */ = {
			isa = PBXShellScriptBuildPhase;
			buildActionMask = 2147483647;
			files = (
			);
			inputPaths = (
			);
			name = "[CP] Copy Pods Resources";
			outputPaths = (
			);
			runOnlyForDeploymentPostprocessing = 0;
			shellPath = /bin/sh;
			shellScript = "\"${SRCROOT}/Pods/Target Support Files/Pods-TrailMapperTests/Pods-TrailMapperTests-resources.sh\"\n";
			showEnvVarsInLog = 0;
		};
/* End PBXShellScriptBuildPhase section */

/* Begin PBXSourcesBuildPhase section */
		802AD60B20035D0200A94059 /* Sources */ = {
			isa = PBXSourcesBuildPhase;
			buildActionMask = 2147483647;
			files = (
				50DFFCBA2004916A00D66980 /* CRNotification.swift in Sources */,
				5075548A2005E3CF00B9A2E6 /* TMTrails.swift in Sources */,
				802AD61520035D0200A94059 /* TMLandingPageViewController.swift in Sources */,
				50DFFCB92004916A00D66980 /* AlertViewController.swift in Sources */,
				80E4890E20038B99008266CC /* TMAPIManager.swift in Sources */,
				50DFFCB72004916A00D66980 /* AlertManager.swift in Sources */,
				50DFFCCC20049CB300D66980 /* TMConstants.swift in Sources */,
				50DFFCBC2004916A00D66980 /* FMDatabaseAdditions.m in Sources */,
				80680BF220039F0800BED446 /* TMTrailViewController.swift in Sources */,
				50DFFCBF2004916A00D66980 /* SCIDatabaseDAO.m in Sources */,
				503F1A7F200501660011183E /* TMAllTrailsViewController.swift in Sources */,
				802AD61320035D0200A94059 /* AppDelegate.swift in Sources */,
				507554892005E3CF00B9A2E6 /* TMTrailsModel.swift in Sources */,
				50DFFCBE2004916A00D66980 /* FMResultSet.m in Sources */,
				503F1A7B2004C8260011183E /* TMUtility.swift in Sources */,
				50DFFCC720049BBE00D66980 /* TMDataWrapperManager.swift in Sources */,
				5075548C2005F3A200B9A2E6 /* TMWebServiceWrapper.swift in Sources */,
				503F1A7D2004F9690011183E /* TMTrailMapLocationVControllerViewController.swift in Sources */,
				50DFFCBD2004916A00D66980 /* FMDBUtils.m in Sources */,
				50DFFCBB2004916A00D66980 /* FMDatabase.m in Sources */,
				50DFFCC4200498AE00D66980 /* Reachability.swift in Sources */,
			);
			runOnlyForDeploymentPostprocessing = 0;
		};
		802AD61F20035D0200A94059 /* Sources */ = {
			isa = PBXSourcesBuildPhase;
			buildActionMask = 2147483647;
			files = (
				802AD62820035D0200A94059 /* TrailMapperTests.swift in Sources */,
			);
			runOnlyForDeploymentPostprocessing = 0;
		};
		802AD62A20035D0200A94059 /* Sources */ = {
			isa = PBXSourcesBuildPhase;
			buildActionMask = 2147483647;
			files = (
				802AD63320035D0200A94059 /* TrailMapperUITests.swift in Sources */,
			);
			runOnlyForDeploymentPostprocessing = 0;
		};
/* End PBXSourcesBuildPhase section */

/* Begin PBXTargetDependency section */
		802AD62520035D0200A94059 /* PBXTargetDependency */ = {
			isa = PBXTargetDependency;
			target = 802AD60E20035D0200A94059 /* TrailMapper */;
			targetProxy = 802AD62420035D0200A94059 /* PBXContainerItemProxy */;
		};
		802AD63020035D0200A94059 /* PBXTargetDependency */ = {
			isa = PBXTargetDependency;
			target = 802AD60E20035D0200A94059 /* TrailMapper */;
			targetProxy = 802AD62F20035D0200A94059 /* PBXContainerItemProxy */;
		};
/* End PBXTargetDependency section */

/* Begin PBXVariantGroup section */
		802AD61620035D0200A94059 /* Main.storyboard */ = {
			isa = PBXVariantGroup;
			children = (
				802AD61720035D0200A94059 /* Base */,
			);
			name = Main.storyboard;
			sourceTree = "<group>";
		};
		802AD61B20035D0200A94059 /* LaunchScreen.storyboard */ = {
			isa = PBXVariantGroup;
			children = (
				802AD61C20035D0200A94059 /* Base */,
			);
			name = LaunchScreen.storyboard;
			sourceTree = "<group>";
		};
/* End PBXVariantGroup section */

/* Begin XCBuildConfiguration section */
		802AD63520035D0200A94059 /* Debug */ = {
			isa = XCBuildConfiguration;
			buildSettings = {
				ALWAYS_SEARCH_USER_PATHS = NO;
				CLANG_ANALYZER_NONNULL = YES;
				CLANG_ANALYZER_NUMBER_OBJECT_CONVERSION = YES_AGGRESSIVE;
				CLANG_CXX_LANGUAGE_STANDARD = "gnu++14";
				CLANG_CXX_LIBRARY = "libc++";
				CLANG_ENABLE_MODULES = YES;
				CLANG_ENABLE_OBJC_ARC = YES;
				CLANG_WARN_BLOCK_CAPTURE_AUTORELEASING = YES;
				CLANG_WARN_BOOL_CONVERSION = YES;
				CLANG_WARN_COMMA = YES;
				CLANG_WARN_CONSTANT_CONVERSION = YES;
				CLANG_WARN_DIRECT_OBJC_ISA_USAGE = YES_ERROR;
				CLANG_WARN_DOCUMENTATION_COMMENTS = YES;
				CLANG_WARN_EMPTY_BODY = YES;
				CLANG_WARN_ENUM_CONVERSION = YES;
				CLANG_WARN_INFINITE_RECURSION = YES;
				CLANG_WARN_INT_CONVERSION = YES;
				CLANG_WARN_NON_LITERAL_NULL_CONVERSION = YES;
				CLANG_WARN_OBJC_LITERAL_CONVERSION = YES;
				CLANG_WARN_OBJC_ROOT_CLASS = YES_ERROR;
				CLANG_WARN_RANGE_LOOP_ANALYSIS = YES;
				CLANG_WARN_STRICT_PROTOTYPES = YES;
				CLANG_WARN_SUSPICIOUS_MOVE = YES;
				CLANG_WARN_UNGUARDED_AVAILABILITY = YES_AGGRESSIVE;
				CLANG_WARN_UNREACHABLE_CODE = YES;
				CLANG_WARN__DUPLICATE_METHOD_MATCH = YES;
				CODE_SIGN_IDENTITY = "iPhone Developer";
				COPY_PHASE_STRIP = NO;
				DEBUG_INFORMATION_FORMAT = dwarf;
				ENABLE_STRICT_OBJC_MSGSEND = YES;
				ENABLE_TESTABILITY = YES;
				GCC_C_LANGUAGE_STANDARD = gnu11;
				GCC_DYNAMIC_NO_PIC = NO;
				GCC_NO_COMMON_BLOCKS = YES;
				GCC_OPTIMIZATION_LEVEL = 0;
				GCC_PREPROCESSOR_DEFINITIONS = (
					"DEBUG=1",
					"$(inherited)",
				);
				GCC_WARN_64_TO_32_BIT_CONVERSION = YES;
				GCC_WARN_ABOUT_RETURN_TYPE = YES_ERROR;
				GCC_WARN_UNDECLARED_SELECTOR = YES;
				GCC_WARN_UNINITIALIZED_AUTOS = YES_AGGRESSIVE;
				GCC_WARN_UNUSED_FUNCTION = YES;
				GCC_WARN_UNUSED_VARIABLE = YES;
				IPHONEOS_DEPLOYMENT_TARGET = 11.2;
				MTL_ENABLE_DEBUG_INFO = YES;
				ONLY_ACTIVE_ARCH = YES;
				SDKROOT = iphoneos;
				SWIFT_ACTIVE_COMPILATION_CONDITIONS = DEBUG;
				SWIFT_OPTIMIZATION_LEVEL = "-Onone";
			};
			name = Debug;
		};
		802AD63620035D0200A94059 /* Release */ = {
			isa = XCBuildConfiguration;
			buildSettings = {
				ALWAYS_SEARCH_USER_PATHS = NO;
				CLANG_ANALYZER_NONNULL = YES;
				CLANG_ANALYZER_NUMBER_OBJECT_CONVERSION = YES_AGGRESSIVE;
				CLANG_CXX_LANGUAGE_STANDARD = "gnu++14";
				CLANG_CXX_LIBRARY = "libc++";
				CLANG_ENABLE_MODULES = YES;
				CLANG_ENABLE_OBJC_ARC = YES;
				CLANG_WARN_BLOCK_CAPTURE_AUTORELEASING = YES;
				CLANG_WARN_BOOL_CONVERSION = YES;
				CLANG_WARN_COMMA = YES;
				CLANG_WARN_CONSTANT_CONVERSION = YES;
				CLANG_WARN_DIRECT_OBJC_ISA_USAGE = YES_ERROR;
				CLANG_WARN_DOCUMENTATION_COMMENTS = YES;
				CLANG_WARN_EMPTY_BODY = YES;
				CLANG_WARN_ENUM_CONVERSION = YES;
				CLANG_WARN_INFINITE_RECURSION = YES;
				CLANG_WARN_INT_CONVERSION = YES;
				CLANG_WARN_NON_LITERAL_NULL_CONVERSION = YES;
				CLANG_WARN_OBJC_LITERAL_CONVERSION = YES;
				CLANG_WARN_OBJC_ROOT_CLASS = YES_ERROR;
				CLANG_WARN_RANGE_LOOP_ANALYSIS = YES;
				CLANG_WARN_STRICT_PROTOTYPES = YES;
				CLANG_WARN_SUSPICIOUS_MOVE = YES;
				CLANG_WARN_UNGUARDED_AVAILABILITY = YES_AGGRESSIVE;
				CLANG_WARN_UNREACHABLE_CODE = YES;
				CLANG_WARN__DUPLICATE_METHOD_MATCH = YES;
				CODE_SIGN_IDENTITY = "iPhone Developer";
				COPY_PHASE_STRIP = NO;
				DEBUG_INFORMATION_FORMAT = "dwarf-with-dsym";
				ENABLE_NS_ASSERTIONS = NO;
				ENABLE_STRICT_OBJC_MSGSEND = YES;
				GCC_C_LANGUAGE_STANDARD = gnu11;
				GCC_NO_COMMON_BLOCKS = YES;
				GCC_WARN_64_TO_32_BIT_CONVERSION = YES;
				GCC_WARN_ABOUT_RETURN_TYPE = YES_ERROR;
				GCC_WARN_UNDECLARED_SELECTOR = YES;
				GCC_WARN_UNINITIALIZED_AUTOS = YES_AGGRESSIVE;
				GCC_WARN_UNUSED_FUNCTION = YES;
				GCC_WARN_UNUSED_VARIABLE = YES;
				IPHONEOS_DEPLOYMENT_TARGET = 11.2;
				MTL_ENABLE_DEBUG_INFO = NO;
				SDKROOT = iphoneos;
				SWIFT_OPTIMIZATION_LEVEL = "-Owholemodule";
				VALIDATE_PRODUCT = YES;
			};
			name = Release;
		};
		802AD63820035D0200A94059 /* Debug */ = {
			isa = XCBuildConfiguration;
			baseConfigurationReference = D5E6CAE640ECDC6F0D638DA8 /* Pods-TrailMapper.debug.xcconfig */;
			buildSettings = {
				ASSETCATALOG_COMPILER_APPICON_NAME = AppIcon;
				CODE_SIGN_STYLE = Automatic;
				DEVELOPMENT_TEAM = LDS87PU2DA;
				INFOPLIST_FILE = TrailMapper/Info.plist;
				LD_RUNPATH_SEARCH_PATHS = "$(inherited) @executable_path/Frameworks";
				PRODUCT_BUNDLE_IDENTIFIER = kartoza.TrailMapper;
				PRODUCT_NAME = "$(TARGET_NAME)";
				SWIFT_OBJC_BRIDGING_HEADER = TrailMapper_Bridging_Header.h;
				SWIFT_VERSION = 4.0;
				TARGETED_DEVICE_FAMILY = "1,2";
			};
			name = Debug;
		};
		802AD63920035D0200A94059 /* Release */ = {
			isa = XCBuildConfiguration;
			baseConfigurationReference = 95BC2D63418C8F9A8702C396 /* Pods-TrailMapper.release.xcconfig */;
			buildSettings = {
				ASSETCATALOG_COMPILER_APPICON_NAME = AppIcon;
				CODE_SIGN_STYLE = Automatic;
				DEVELOPMENT_TEAM = LDS87PU2DA;
				INFOPLIST_FILE = TrailMapper/Info.plist;
				LD_RUNPATH_SEARCH_PATHS = "$(inherited) @executable_path/Frameworks";
				PRODUCT_BUNDLE_IDENTIFIER = kartoza.TrailMapper;
				PRODUCT_NAME = "$(TARGET_NAME)";
				SWIFT_OBJC_BRIDGING_HEADER = TrailMapper_Bridging_Header.h;
				SWIFT_VERSION = 4.0;
				TARGETED_DEVICE_FAMILY = "1,2";
			};
			name = Release;
		};
		802AD63B20035D0200A94059 /* Debug */ = {
			isa = XCBuildConfiguration;
			baseConfigurationReference = F8BC4E8632D8BA6D955CA060 /* Pods-TrailMapperTests.debug.xcconfig */;
			buildSettings = {
				ALWAYS_EMBED_SWIFT_STANDARD_LIBRARIES = YES;
				BUNDLE_LOADER = "$(TEST_HOST)";
				CODE_SIGN_STYLE = Automatic;
				DEVELOPMENT_TEAM = LDS87PU2DA;
				INFOPLIST_FILE = TrailMapperTests/Info.plist;
				LD_RUNPATH_SEARCH_PATHS = "$(inherited) @executable_path/Frameworks @loader_path/Frameworks";
				PRODUCT_BUNDLE_IDENTIFIER = kartoza.TrailMapperTests;
				PRODUCT_NAME = "$(TARGET_NAME)";
				SWIFT_VERSION = 4.0;
				TARGETED_DEVICE_FAMILY = "1,2";
				TEST_HOST = "$(BUILT_PRODUCTS_DIR)/TrailMapper.app/TrailMapper";
			};
			name = Debug;
		};
		802AD63C20035D0200A94059 /* Release */ = {
			isa = XCBuildConfiguration;
			baseConfigurationReference = 5F28F30143B7E5708C4F0FA7 /* Pods-TrailMapperTests.release.xcconfig */;
			buildSettings = {
				ALWAYS_EMBED_SWIFT_STANDARD_LIBRARIES = YES;
				BUNDLE_LOADER = "$(TEST_HOST)";
				CODE_SIGN_STYLE = Automatic;
				DEVELOPMENT_TEAM = LDS87PU2DA;
				INFOPLIST_FILE = TrailMapperTests/Info.plist;
				LD_RUNPATH_SEARCH_PATHS = "$(inherited) @executable_path/Frameworks @loader_path/Frameworks";
				PRODUCT_BUNDLE_IDENTIFIER = kartoza.TrailMapperTests;
				PRODUCT_NAME = "$(TARGET_NAME)";
				SWIFT_VERSION = 4.0;
				TARGETED_DEVICE_FAMILY = "1,2";
				TEST_HOST = "$(BUILT_PRODUCTS_DIR)/TrailMapper.app/TrailMapper";
			};
			name = Release;
		};
		802AD63E20035D0200A94059 /* Debug */ = {
			isa = XCBuildConfiguration;
			baseConfigurationReference = C1E1385EE43F67EFB191CD61 /* Pods-TrailMapperUITests.debug.xcconfig */;
			buildSettings = {
				ALWAYS_EMBED_SWIFT_STANDARD_LIBRARIES = YES;
				CODE_SIGN_STYLE = Automatic;
				DEVELOPMENT_TEAM = LDS87PU2DA;
				INFOPLIST_FILE = TrailMapperUITests/Info.plist;
				LD_RUNPATH_SEARCH_PATHS = "$(inherited) @executable_path/Frameworks @loader_path/Frameworks";
				PRODUCT_BUNDLE_IDENTIFIER = kartoza.TrailMapperUITests;
				PRODUCT_NAME = "$(TARGET_NAME)";
				SWIFT_VERSION = 4.0;
				TARGETED_DEVICE_FAMILY = "1,2";
				TEST_TARGET_NAME = TrailMapper;
			};
			name = Debug;
		};
		802AD63F20035D0200A94059 /* Release */ = {
			isa = XCBuildConfiguration;
			baseConfigurationReference = BBD35A7C232E8EB29823E7D8 /* Pods-TrailMapperUITests.release.xcconfig */;
			buildSettings = {
				ALWAYS_EMBED_SWIFT_STANDARD_LIBRARIES = YES;
				CODE_SIGN_STYLE = Automatic;
				DEVELOPMENT_TEAM = LDS87PU2DA;
				INFOPLIST_FILE = TrailMapperUITests/Info.plist;
				LD_RUNPATH_SEARCH_PATHS = "$(inherited) @executable_path/Frameworks @loader_path/Frameworks";
				PRODUCT_BUNDLE_IDENTIFIER = kartoza.TrailMapperUITests;
				PRODUCT_NAME = "$(TARGET_NAME)";
				SWIFT_VERSION = 4.0;
				TARGETED_DEVICE_FAMILY = "1,2";
				TEST_TARGET_NAME = TrailMapper;
			};
			name = Release;
		};
/* End XCBuildConfiguration section */

/* Begin XCConfigurationList section */
		802AD60A20035D0200A94059 /* Build configuration list for PBXProject "TrailMapper" */ = {
			isa = XCConfigurationList;
			buildConfigurations = (
				802AD63520035D0200A94059 /* Debug */,
				802AD63620035D0200A94059 /* Release */,
			);
			defaultConfigurationIsVisible = 0;
			defaultConfigurationName = Release;
		};
		802AD63720035D0200A94059 /* Build configuration list for PBXNativeTarget "TrailMapper" */ = {
			isa = XCConfigurationList;
			buildConfigurations = (
				802AD63820035D0200A94059 /* Debug */,
				802AD63920035D0200A94059 /* Release */,
			);
			defaultConfigurationIsVisible = 0;
			defaultConfigurationName = Release;
		};
		802AD63A20035D0200A94059 /* Build configuration list for PBXNativeTarget "TrailMapperTests" */ = {
			isa = XCConfigurationList;
			buildConfigurations = (
				802AD63B20035D0200A94059 /* Debug */,
				802AD63C20035D0200A94059 /* Release */,
			);
			defaultConfigurationIsVisible = 0;
			defaultConfigurationName = Release;
		};
		802AD63D20035D0200A94059 /* Build configuration list for PBXNativeTarget "TrailMapperUITests" */ = {
			isa = XCConfigurationList;
			buildConfigurations = (
				802AD63E20035D0200A94059 /* Debug */,
				802AD63F20035D0200A94059 /* Release */,
			);
			defaultConfigurationIsVisible = 0;
			defaultConfigurationName = Release;
		};
/* End XCConfigurationList section */
	};
	rootObject = 802AD60720035D0200A94059 /* Project object */;
}
